
Microsoft Visual Studio Solution File, Format Version 12.00
# Visual Studio Version 16
VisualStudioVersion = 16.0.30225.117
MinimumVisualStudioVersion = 10.0.40219.1
Project("{FAE04EC0-301F-11D3-BF4B-00C04F79EFBC}") = "Lillia", "Lillia\Lillia.csproj", "{289C75EF-40B6-4782-B805-FD824DBEA7E6}"
EndProject
Project("{FAE04EC0-301F-11D3-BF4B-00C04F79EFBC}") = "LoLAPI", "LoLAPI\LoLAPI.csproj", "{AFDB1A7B-E65E-4598-B24E-2F447E0B641B}"
EndProject
Project("{FAE04EC0-301F-11D3-BF4B-00C04F79EFBC}") = "LoLAPI.Test", "LoLAPI.Test\LoLAPI.Test.csproj", "{5A670185-BA18-415C-BF5D-7B6A34FB8802}"
EndProject
Global
	GlobalSection(SolutionConfigurationPlatforms) = preSolution
		Debug|Any CPU = Debug|Any CPU
		Release|Any CPU = Release|Any CPU
	EndGlobalSection
	GlobalSection(ProjectConfigurationPlatforms) = postSolution
		{289C75EF-40B6-4782-B805-FD824DBEA7E6}.Debug|Any CPU.ActiveCfg = Debug|Any CPU
		{289C75EF-40B6-4782-B805-FD824DBEA7E6}.Debug|Any CPU.Build.0 = Debug|Any CPU
		{289C75EF-40B6-4782-B805-FD824DBEA7E6}.Release|Any CPU.ActiveCfg = Release|Any CPU
		{289C75EF-40B6-4782-B805-FD824DBEA7E6}.Release|Any CPU.Build.0 = Release|Any CPU
		{AFDB1A7B-E65E-4598-B24E-2F447E0B641B}.Debug|Any CPU.ActiveCfg = Debug|Any CPU
		{AFDB1A7B-E65E-4598-B24E-2F447E0B641B}.Debug|Any CPU.Build.0 = Debug|Any CPU
		{AFDB1A7B-E65E-4598-B24E-2F447E0B641B}.Release|Any CPU.ActiveCfg = Release|Any CPU
		{AFDB1A7B-E65E-4598-B24E-2F447E0B641B}.Release|Any CPU.Build.0 = Release|Any CPU
		{5A670185-BA18-415C-BF5D-7B6A34FB8802}.Debug|Any CPU.ActiveCfg = Debug|Any CPU
		{5A670185-BA18-415C-BF5D-7B6A34FB8802}.Debug|Any CPU.Build.0 = Debug|Any CPU
		{5A670185-BA18-415C-BF5D-7B6A34FB8802}.Release|Any CPU.ActiveCfg = Release|Any CPU
		{5A670185-BA18-415C-BF5D-7B6A34FB8802}.Release|Any CPU.Build.0 = Release|Any CPU
	EndGlobalSection
	GlobalSection(SolutionProperties) = preSolution
		HideSolutionNode = FALSE
	EndGlobalSection
	GlobalSection(ExtensibilityGlobals) = postSolution
		SolutionGuid = {4E441C91-80CD-45E4-A7D0-E86EEA039BC5}
	EndGlobalSection
EndGlobal
